hash: dea9c711103d5a738ed0458c061c2975e33e1e2c65afcf5cf6421c2991eca6ec
updated: 2017-08-14T14:34:30.806259793+02:00
imports:
- name: github.com/fatih/structs
  version: a720dfa8df582c51dee1b36feabb906bde1588bd
- name: github.com/hashicorp/logutils
  version: 0dc08b1671f34c4250ce212759ebd880f743d883
- name: golang.org/x/net
  version: a6577fac2d73be281a500b310739095313165611
  subpackages:
  - context
  - context/ctxhttp
testImports: []
